
Microsoft Visual Studio Solution File, Format Version 12.00
# Visual Studio 15
VisualStudioVersion = 15.0.26906.1
MinimumVisualStudioVersion = 10.0.40219.1
Project("{FAE04EC0-301F-11D3-BF4B-00C04F79EFBC}") = "Tomato", "Tomato\Tomato.csproj", "{BAD9DC11-0AAD-4DD9-B52B-93CC7EE8E9DC}"
	ProjectSection(ProjectDependencies) = postProject
		{4A5B2A89-B887-40CC-BE42-BB9F63142E6A} = {4A5B2A89-B887-40CC-BE42-BB9F63142E6A}
	EndProjectSection
EndProject
Project("{FAE04EC0-301F-11D3-BF4B-00C04F79EFBC}") = "Tomato.Net", "Tomato.Net\Tomato.Net.csproj", "{4A5B2A89-B887-40CC-BE42-BB9F63142E6A}"
EndProject
Project("{FAE04EC0-301F-11D3-BF4B-00C04F79EFBC}") = "TomatoClient", "TomatoClient\TomatoClient.csproj", "{7C301841-1B17-4203-85BC-1D6ED4FE91C1}"
EndProject
Global
	GlobalSection(SolutionConfigurationPlatforms) = preSolution
		Debug|Any CPU = Debug|Any CPU
		Release|Any CPU = Release|Any CPU
	EndGlobalSection
	GlobalSection(ProjectConfigurationPlatforms) = postSolution
		{BAD9DC11-0AAD-4DD9-B52B-93CC7EE8E9DC}.Debug|Any CPU.ActiveCfg = Debug|Any CPU
		{BAD9DC11-0AAD-4DD9-B52B-93CC7EE8E9DC}.Debug|Any CPU.Build.0 = Debug|Any CPU
		{BAD9DC11-0AAD-4DD9-B52B-93CC7EE8E9DC}.Release|Any CPU.ActiveCfg = Release|Any CPU
		{BAD9DC11-0AAD-4DD9-B52B-93CC7EE8E9DC}.Release|Any CPU.Build.0 = Release|Any CPU
		{4A5B2A89-B887-40CC-BE42-BB9F63142E6A}.Debug|Any CPU.ActiveCfg = Debug|Any CPU
		{4A5B2A89-B887-40CC-BE42-BB9F63142E6A}.Debug|Any CPU.Build.0 = Debug|Any CPU
		{4A5B2A89-B887-40CC-BE42-BB9F63142E6A}.Release|Any CPU.ActiveCfg = Release|Any CPU
		{4A5B2A89-B887-40CC-BE42-BB9F63142E6A}.Release|Any CPU.Build.0 = Release|Any CPU
		{7C301841-1B17-4203-85BC-1D6ED4FE91C1}.Debug|Any CPU.ActiveCfg = Debug|Any CPU
		{7C301841-1B17-4203-85BC-1D6ED4FE91C1}.Debug|Any CPU.Build.0 = Debug|Any CPU
		{7C301841-1B17-4203-85BC-1D6ED4FE91C1}.Release|Any CPU.ActiveCfg = Release|Any CPU
		{7C301841-1B17-4203-85BC-1D6ED4FE91C1}.Release|Any CPU.Build.0 = Release|Any CPU
	EndGlobalSection
	GlobalSection(SolutionProperties) = preSolution
		HideSolutionNode = FALSE
	EndGlobalSection
	GlobalSection(ExtensibilityGlobals) = postSolution
		SolutionGuid = {301A8769-6A31-4812-8848-D62DCAE6E5B1}
	EndGlobalSection
EndGlobal
